// !$*UTF8*$!
{
	archiveVersion = 1;
	classes = {
	};
	objectVersion = 50;
	objects = {

/* Begin PBXBuildFile section */
		8B32A96E25A59D1500DA95EE /* start.txt in Resources */ = {isa = PBXBuildFile; fileRef = 8B32A96D25A59D1500DA95EE /* start.txt */; };
		8BD6B4ED25A4B5320015582D /* AppDelegate.swift in Sources */ = {isa = PBXBuildFile; fileRef = 8BD6B4EC25A4B5320015582D /* AppDelegate.swift */; };
		8BD6B4EF25A4B5320015582D /* SceneDelegate.swift in Sources */ = {isa = PBXBuildFile; fileRef = 8BD6B4EE25A4B5320015582D /* SceneDelegate.swift */; };
		8BD6B4F125A4B5320015582D /* ContentView.swift in Sources */ = {isa = PBXBuildFile; fileRef = 8BD6B4F025A4B5320015582D /* ContentView.swift */; };
		8BD6B4F325A4B5330015582D /* Assets.xcassets in Resources */ = {isa = PBXBuildFile; fileRef = 8BD6B4F225A4B5330015582D /* Assets.xcassets */; };
		8BD6B4F625A4B5330015582D /* Preview Assets.xcassets in Resources */ = {isa = PBXBuildFile; fileRef = 8BD6B4F525A4B5330015582D /* Preview Assets.xcassets */; };
		8BD6B4F925A4B5330015582D /* LaunchScreen.storyboard in Resources */ = {isa = PBXBuildFile; fileRef = 8BD6B4F725A4B5330015582D /* LaunchScreen.storyboard */; };
/* End PBXBuildFile section */

/* Begin PBXFileReference section */
		8B32A96D25A59D1500DA95EE /* start.txt */ = {isa = PBXFileReference; fileEncoding = 4; lastKnownFileType = text; name = start.txt; path = ../../../Downloads/start.txt; sourceTree = "<group>"; };
		8BD6B4E925A4B5320015582D /* WeScramble.app */ = {isa = PBXFileReference; explicitFileType = wrapper.application; includeInIndex = 0; path = WeScramble.app; sourceTree = BUILT_PRODUCTS_DIR; };
		8BD6B4EC25A4B5320015582D /* AppDelegate.swift */ = {isa = PBXFileReference; lastKnownFileType = sourcecode.swift; path = AppDelegate.swift; sourceTree = "<group>"; };
		8BD6B4EE25A4B5320015582D /* SceneDelegate.swift */ = {isa = PBXFileReference; lastKnownFileType = sourcecode.swift; path = SceneDelegate.swift; sourceTree = "<group>"; };
		8BD6B4F025A4B5320015582D /* ContentView.swift */ = {isa = PBXFileReference; lastKnownFileType = sourcecode.swift; path = ContentView.swift; sourceTree = "<group>"; };
		8BD6B4F225A4B5330015582D /* Assets.xcassets */ = {isa = PBXFileReference; lastKnownFileType = folder.assetcatalog; path = Assets.xcassets; sourceTree = "<group>"; };
		8BD6B4F525A4B5330015582D /* Preview Assets.xcassets */ = {isa = PBXFileReference; lastKnownFileType = folder.assetcatalog; path = "Preview Assets.xcassets"; sourceTree = "<group>"; };
		8BD6B4F825A4B5330015582D /* Base */ = {isa = PBXFileReference; lastKnownFileType = file.storyboard; name = Base; path = Base.lproj/LaunchScreen.storyboard; sourceTree = "<group>"; };
		8BD6B4FA25A4B5330015582D /* Info.plist */ = {isa = PBXFileReference; lastKnownFileType = text.plist.xml; path = Info.plist; sourceTree = "<group>"; };
/* End PBXFileReference section */

/* Begin PBXFrameworksBuildPhase section */
		8BD6B4E625A4B5320015582D /* Frameworks */ = {
			isa = PBXFrameworksBuildPhase;
			buildActionMask = 2147483647;
			files = (
			);
			runOnlyForDeploymentPostprocessing = 0;
		};
/* End PBXFrameworksBuildPhase section */

/* Begin PBXGroup section */
		8BD6B4E025A4B5320015582D = {
			isa = PBXGroup;
			children = (
				8BD6B4EB25A4B5320015582D /* WeScramble */,
				8BD6B4EA25A4B5320015582D /* Products */,
			);
			sourceTree = "<group>";
		};
		8BD6B4EA25A4B5320015582D /* Products */ = {
			isa = PBXGroup;
			children = (
				8BD6B4E925A4B5320015582D /* WeScramble.app */,
			);
			name = Products;
			sourceTree = "<group>";
		};
		8BD6B4EB25A4B5320015582D /* WeScramble */ = {
			isa = PBXGroup;
			children = (
				8BD6B4EC25A4B5320015582D /* AppDelegate.swift */,
				8BD6B4EE25A4B5320015582D /* SceneDelegate.swift */,
				8BD6B4F025A4B5320015582D /* ContentView.swift */,
				8BD6B4F225A4B5330015582D /* Assets.xcassets */,
				8BD6B4F725A4B5330015582D /* LaunchScreen.storyboard */,
				8B32A96D25A59D1500DA95EE /* start.txt */,
				8BD6B4FA25A4B5330015582D /* Info.plist */,
				8BD6B4F425A4B5330015582D /* Preview Content */,
			);
			path = WeScramble;
			sourceTree = "<group>";
		};
		8BD6B4F425A4B5330015582D /* Preview Content */ = {
			isa = PBXGroup;
			children = (
				8BD6B4F525A4B5330015582D /* Preview Assets.xcassets */,
			);
			path = "Preview Content";
			sourceTree = "<group>";
		};
/* End PBXGroup section */

/* Begin PBXNativeTarget section */
		8BD6B4E825A4B5320015582D /* WeScramble */ = {
			isa = PBXNativeTarget;
			buildConfigurationList = 8BD6B4FD25A4B5330015582D /* Build configuration list for PBXNativeTarget "WeScramble" */;
			buildPhases = (
				8BD6B4E525A4B5320015582D /* Sources */,
				8BD6B4E625A4B5320015582D /* Frameworks */,
				8BD6B4E725A4B5320015582D /* Resources */,
			);
			buildRules = (
			);
			dependencies = (
			);
			name = WeScramble;
			productName = WeScramble;
			productReference = 8BD6B4E925A4B5320015582D /* WeScramble.app */;
			productType = "com.apple.product-type.application";
		};
/* End PBXNativeTarget section */

/* Begin PBXProject section */
		8BD6B4E125A4B5320015582D /* Project object */ = {
			isa = PBXProject;
			attributes = {
				LastSwiftUpdateCheck = 1220;
				LastUpgradeCheck = 1220;
				TargetAttributes = {
					8BD6B4E825A4B5320015582D = {
						CreatedOnToolsVersion = 12.2;
					};
				};
			};
			buildConfigurationList = 8BD6B4E425A4B5320015582D /* Build configuration list for PBXProject "WeScramble" */;
			compatibilityVersion = "Xcode 9.3";
			developmentRegion = en;
			hasScannedForEncodings = 0;
			knownRegions = (
				en,
				Base,
			);
			mainGroup = 8BD6B4E025A4B5320015582D;
			productRefGroup = 8BD6B4EA25A4B5320015582D /* Products */;
			projectDirPath = "";
			projectRoot = "";
			targets = (
				8BD6B4E825A4B5320015582D /* WeScramble */,
			);
		};
/* End PBXProject section */

/* Begin PBXResourcesBuildPhase section */
		8BD6B4E725A4B5320015582D /* Resources */ = {
			isa = PBXResourcesBuildPhase;
			buildActionMask = 2147483647;
			files = (
				8BD6B4F925A4B5330015582D /* LaunchScreen.storyboard in Resources */,
				8B32A96E25A59D1500DA95EE /* start.txt in Resources */,
				8BD6B4F625A4B5330015582D /* Preview Assets.xcassets in Resources */,
				8BD6B4F325A4B5330015582D /* Assets.xcassets in Resources */,
			);
			runOnlyForDeploymentPostprocessing = 0;
		};
/* End PBXResourcesBuildPhase section */

/* Begin PBXSourcesBuildPhase section */
		8BD6B4E525A4B5320015582D /* Sources */ = {
			isa = PBXSourcesBuildPhase;
			buildActionMask = 2147483647;
			files = (
				8BD6B4ED25A4B5320015582D /* AppDelegate.swift in Sources */,
				8BD6B4EF25A4B5320015582D /* SceneDelegate.swift in Sources */,
				8BD6B4F125A4B5320015582D /* ContentView.swift in Sources */,
			);
			runOnlyForDeploymentPostprocessing = 0;
		};
/* End PBXSourcesBuildPhase section */

/* Begin PBXVariantGroup section */
		8BD6B4F725A4B5330015582D /* LaunchScreen.storyboard */ = {
			isa = PBXVariantGroup;
			children = (
				8BD6B4F825A4B5330015582D /* Base */,
			);
			name = LaunchScreen.storyboard;
			sourceTree = "<group>";
		};
/* End PBXVariantGroup section */

/* Begin XCBuildConfiguration section */
		8BD6B4FB25A4B5330015582D /* Debug */ = {
			isa = XCBuildConfiguration;
			buildSettings = {
				ALWAYS_SEARCH_USER_PATHS = NO;
				CLANG_ANALYZER_NONNULL = YES;
				CLANG_ANALYZER_NUMBER_OBJECT_CONVERSION = YES_AGGRESSIVE;
				CLANG_CXX_LANGUAGE_STANDARD = "gnu++14";
				CLANG_CXX_LIBRARY = "libc++";
				CLANG_ENABLE_MODULES = YES;
				CLANG_ENABLE_OBJC_ARC = YES;
				CLANG_ENABLE_OBJC_WEAK = YES;
				CLANG_WARN_BLOCK_CAPTURE_AUTORELEASING = YES;
				CLANG_WARN_BOOL_CONVERSION = YES;
				CLANG_WARN_COMMA = YES;
				CLANG_WARN_CONSTANT_CONVERSION = YES;
				CLANG_WARN_DEPRECATED_OBJC_IMPLEMENTATIONS = YES;
				CLANG_WARN_DIRECT_OBJC_ISA_USAGE = YES_ERROR;
				CLANG_WARN_DOCUMENTATION_COMMENTS = YES;
				CLANG_WARN_EMPTY_BODY = YES;
				CLANG_WARN_ENUM_CONVERSION = YES;
				CLANG_WARN_INFINITE_RECURSION = YES;
				CLANG_WARN_INT_CONVERSION = YES;
				CLANG_WARN_NON_LITERAL_NULL_CONVERSION = YES;
				CLANG_WARN_OBJC_IMPLICIT_RETAIN_SELF = YES;
				CLANG_WARN_OBJC_LITERAL_CONVERSION = YES;
				CLANG_WARN_OBJC_ROOT_CLASS = YES_ERROR;
				CLANG_WARN_QUOTED_INCLUDE_IN_FRAMEWORK_HEADER = YES;
				CLANG_WARN_RANGE_LOOP_ANALYSIS = YES;
				CLANG_WARN_STRICT_PROTOTYPES = YES;
				CLANG_WARN_SUSPICIOUS_MOVE = YES;
				CLANG_WARN_UNGUARDED_AVAILABILITY = YES_AGGRESSIVE;
				CLANG_WARN_UNREACHABLE_CODE = YES;
				CLANG_WARN__DUPLICATE_METHOD_MATCH = YES;
				COPY_PHASE_STRIP = NO;
				DEBUG_INFORMATION_FORMAT = dwarf;
				ENABLE_STRICT_OBJC_MSGSEND = YES;
				ENABLE_TESTABILITY = YES;
				GCC_C_LANGUAGE_STANDARD = gnu11;
				GCC_DYNAMIC_NO_PIC = NO;
				GCC_NO_COMMON_BLOCKS = YES;
				GCC_OPTIMIZATION_LEVEL = 0;
				GCC_PREPROCESSOR_DEFINITIONS = (
					"DEBUG=1",
					"$(inherited)",
				);
				GCC_WARN_64_TO_32_BIT_CONVERSION = YES;
				GCC_WARN_ABOUT_RETURN_TYPE = YES_ERROR;
				GCC_WARN_UNDECLARED_SELECTOR = YES;
				GCC_WARN_UNINITIALIZED_AUTOS = YES_AGGRESSIVE;
				GCC_WARN_UNUSED_FUNCTION = YES;
				GCC_WARN_UNUSED_VARIABLE = YES;
				IPHONEOS_DEPLOYMENT_TARGET = 14.2;
				MTL_ENABLE_DEBUG_INFO = INCLUDE_SOURCE;
				MTL_FAST_MATH = YES;
				ONLY_ACTIVE_ARCH = YES;
				SDKROOT = iphoneos;
				SWIFT_ACTIVE_COMPILATION_CONDITIONS = DEBUG;
				SWIFT_OPTIMIZATION_LEVEL = "-Onone";
			};
			name = Debug;
		};
		8BD6B4FC25A4B5330015582D /* Release */ = {
			isa = XCBuildConfiguration;
			buildSettings = {
				ALWAYS_SEARCH_USER_PATHS = NO;
				CLANG_ANALYZER_NONNULL = YES;
				CLANG_ANALYZER_NUMBER_OBJECT_CONVERSION = YES_AGGRESSIVE;
				CLANG_CXX_LANGUAGE_STANDARD = "gnu++14";
				CLANG_CXX_LIBRARY = "libc++";
				CLANG_ENABLE_MODULES = YES;
				CLANG_ENABLE_OBJC_ARC = YES;
				CLANG_ENABLE_OBJC_WEAK = YES;
				CLANG_WARN_BLOCK_CAPTURE_AUTORELEASING = YES;
				CLANG_WARN_BOOL_CONVERSION = YES;
				CLANG_WARN_COMMA = YES;
				CLANG_WARN_CONSTANT_CONVERSION = YES;
				CLANG_WARN_DEPRECATED_OBJC_IMPLEMENTATIONS = YES;
				CLANG_WARN_DIRECT_OBJC_ISA_USAGE = YES_ERROR;
				CLANG_WARN_DOCUMENTATION_COMMENTS = YES;
				CLANG_WARN_EMPTY_BODY = YES;
				CLANG_WARN_ENUM_CONVERSION = YES;
				CLANG_WARN_INFINITE_RECURSION = YES;
				CLANG_WARN_INT_CONVERSION = YES;
				CLANG_WARN_NON_LITERAL_NULL_CONVERSION = YES;
				CLANG_WARN_OBJC_IMPLICIT_RETAIN_SELF = YES;
				CLANG_WARN_OBJC_LITERAL_CONVERSION = YES;
				CLANG_WARN_OBJC_ROOT_CLASS = YES_ERROR;
				CLANG_WARN_QUOTED_INCLUDE_IN_FRAMEWORK_HEADER = YES;
				CLANG_WARN_RANGE_LOOP_ANALYSIS = YES;
				CLANG_WARN_STRICT_PROTOTYPES = YES;
				CLANG_WARN_SUSPICIOUS_MOVE = YES;
				CLANG_WARN_UNGUARDED_AVAILABILITY = YES_AGGRESSIVE;
				CLANG_WARN_UNREACHABLE_CODE = YES;
				CLANG_WARN__DUPLICATE_METHOD_MATCH = YES;
				COPY_PHASE_STRIP = NO;
				DEBUG_INFORMATION_FORMAT = "dwarf-with-dsym";
				ENABLE_NS_ASSERTIONS = NO;
				ENABLE_STRICT_OBJC_MSGSEND = YES;
				GCC_C_LANGUAGE_STANDARD = gnu11;
				GCC_NO_COMMON_BLOCKS = YES;
				GCC_WARN_64_TO_32_BIT_CONVERSION = YES;
				GCC_WARN_ABOUT_RETURN_TYPE = YES_ERROR;
				GCC_WARN_UNDECLARED_SELECTOR = YES;
				GCC_WARN_UNINITIALIZED_AUTOS = YES_AGGRESSIVE;
				GCC_WARN_UNUSED_FUNCTION = YES;
				GCC_WARN_UNUSED_VARIABLE = YES;
				IPHONEOS_DEPLOYMENT_TARGET = 14.2;
				MTL_ENABLE_DEBUG_INFO = NO;
				MTL_FAST_MATH = YES;
				SDKROOT = iphoneos;
				SWIFT_COMPILATION_MODE = wholemodule;
				SWIFT_OPTIMIZATION_LEVEL = "-O";
				VALIDATE_PRODUCT = YES;
			};
			name = Release;
		};
		8BD6B4FE25A4B5330015582D /* Debug */ = {
			isa = XCBuildConfiguration;
			buildSettings = {
				ASSETCATALOG_COMPILER_APPICON_NAME = AppIcon;
				ASSETCATALOG_COMPILER_GLOBAL_ACCENT_COLOR_NAME = AccentColor;
				CODE_SIGN_STYLE = Automatic;
				DEVELOPMENT_ASSET_PATHS = "\"WeScramble/Preview Content\"";
				ENABLE_PREVIEWS = YES;
				INFOPLIST_FILE = WeScramble/Info.plist;
				LD_RUNPATH_SEARCH_PATHS = (
					"$(inherited)",
					"@executable_path/Frameworks",
				);
				PRODUCT_BUNDLE_IDENTIFIER = me.gtxtreme.WeScramble;
				PRODUCT_NAME = "$(TARGET_NAME)";
				SWIFT_VERSION = 5.0;
				TARGETED_DEVICE_FAMILY = "1,2";
			};
			name = Debug;
		};
		8BD6B4FF25A4B5330015582D /* Release */ = {
			isa = XCBuildConfiguration;
			buildSettings = {
				ASSETCATALOG_COMPILER_APPICON_NAME = AppIcon;
				ASSETCATALOG_COMPILER_GLOBAL_ACCENT_COLOR_NAME = AccentColor;
				CODE_SIGN_STYLE = Automatic;
				DEVELOPMENT_ASSET_PATHS = "\"WeScramble/Preview Content\"";
				ENABLE_PREVIEWS = YES;
				INFOPLIST_FILE = WeScramble/Info.plist;
				LD_RUNPATH_SEARCH_PATHS = (
					"$(inherited)",
					"@executable_path/Frameworks",
				);
				PRODUCT_BUNDLE_IDENTIFIER = me.gtxtreme.WeScramble;
				PRODUCT_NAME = "$(TARGET_NAME)";
				SWIFT_VERSION = 5.0;
				TARGETED_DEVICE_FAMILY = "1,2";
			};
			name = Release;
		};
/* End XCBuildConfiguration section */

/* Begin XCConfigurationList section */
		8BD6B4E425A4B5320015582D /* Build configuration list for PBXProject "WeScramble" */ = {
			isa = XCConfigurationList;
			buildConfigurations = (
				8BD6B4FB25A4B5330015582D /* Debug */,
				8BD6B4FC25A4B5330015582D /* Release */,
			);
			defaultConfigurationIsVisible = 0;
			defaultConfigurationName = Release;
		};
		8BD6B4FD25A4B5330015582D /* Build configuration list for PBXNativeTarget "WeScramble" */ = {
			isa = XCConfigurationList;
			buildConfigurations = (
				8BD6B4FE25A4B5330015582D /* Debug */,
				8BD6B4FF25A4B5330015582D /* Release */,
			);
			defaultConfigurationIsVisible = 0;
			defaultConfigurationName = Release;
		};
/* End XCConfigurationList section */
	};
	rootObject = 8BD6B4E125A4B5320015582D /* Project object */;
}
